{
  "name": "@colordx/gpu",
  "version": "0.6.0",
  "lockfileVersion": 3,
  "requires": true,
  "packages": {
    "": {
      "name": "@colordx/gpu",
      "version": "0.6.0",
      "license": "MIT",
      "devDependencies": {
        "@colordx/core": "^5.5.0"
      }
    },
    "node_modules/@colordx/core": {
      "version": "5.5.0",
      "resolved": "https://registry.npmjs.org/@colordx/core/-/core-5.5.0.tgz",
      "integrity": "sha512-3PxTH8itZzltK0U9jTwVVnjLXvnDYuq3m+QXsHkENxWiPRh4WaoLcs1SQjqgZ55kS+QyirpH5BVwzP2gMVG6EQ==",
      "dev": true,
      "license": "MIT"
    }
  }
}
