{
  "name": "@colordx/gpu",
  "version": "0.7.0",
  "lockfileVersion": 3,
  "requires": true,
  "packages": {
    "": {
      "name": "@colordx/gpu",
      "version": "0.7.0",
      "license": "MIT",
      "devDependencies": {
        "@colordx/core": "^6.4.0"
      }
    },
    "node_modules/@colordx/core": {
      "version": "6.4.0",
      "resolved": "https://registry.npmjs.org/@colordx/core/-/core-6.4.0.tgz",
      "integrity": "sha512-KJf2x955gXdCXTVQVd4kh4V89UJq/iUg366DHL1dv5+Bdugehak9lK2veBvOBwOqlusCCo+hKpVXDG437EW2/g==",
      "dev": true,
      "license": "MIT"
    }
  }
}
