{
  "name": "@colordx/gpu",
  "version": "0.3.0",
  "lockfileVersion": 3,
  "requires": true,
  "packages": {
    "": {
      "name": "@colordx/gpu",
      "version": "0.3.0",
      "license": "MIT",
      "devDependencies": {
        "@colordx/core": "^5.4.2"
      }
    },
    "node_modules/@colordx/core": {
      "version": "5.4.3",
      "resolved": "https://registry.npmjs.org/@colordx/core/-/core-5.4.3.tgz",
      "integrity": "sha512-kIxYSfA5T8HXjav55UaaH/o/cKivF6jCCGIb8eqtcsfI46wsvlSiT8jMDyrl779qLec3c2c2oHBZo4oAhvbjrQ==",
      "dev": true,
      "license": "MIT"
    }
  }
}
